
Microsoft Visual Studio Solution File, Format Version 12.00
# Visual Studio Version 17
VisualStudioVersion = 17.9.34728.123
MinimumVisualStudioVersion = 10.0.40219.1
Project("{8BC9CEB8-8B4A-11D0-8D11-00A0C91BC942}") = "memtest", "memtest.vcxproj", "{A1B6D95D-CFB0-4A36-AD95-7E12F8A575E7}"
EndProject
Global
	GlobalSection(SolutionConfigurationPlatforms) = preSolution
		Debug|x64 = Debug|x64
		Debug|x86 = Debug|x86
		Debug-Memory|x64 = Debug-Memory|x64
		Debug-Memory|x86 = Debug-Memory|x86
		Release|x64 = Release|x64
		Release|x86 = Release|x86
	EndGlobalSection
	GlobalSection(ProjectConfigurationPlatforms) = postSolution
		{A1B6D95D-CFB0-4A36-AD95-7E12F8A575E7}.Debug|x64.ActiveCfg = Debug|x64
		{A1B6D95D-CFB0-4A36-AD95-7E12F8A575E7}.Debug|x64.Build.0 = Debug|x64
		{A1B6D95D-CFB0-4A36-AD95-7E12F8A575E7}.Debug|x86.ActiveCfg = Debug|Win32
		{A1B6D95D-CFB0-4A36-AD95-7E12F8A575E7}.Debug|x86.Build.0 = Debug|Win32
		{A1B6D95D-CFB0-4A36-AD95-7E12F8A575E7}.Debug-Memory|x64.ActiveCfg = Debug-Memory|x64
		{A1B6D95D-CFB0-4A36-AD95-7E12F8A575E7}.Debug-Memory|x64.Build.0 = Debug-Memory|x64
		{A1B6D95D-CFB0-4A36-AD95-7E12F8A575E7}.Debug-Memory|x86.ActiveCfg = Debug-Memory|Win32
		{A1B6D95D-CFB0-4A36-AD95-7E12F8A575E7}.Debug-Memory|x86.Build.0 = Debug-Memory|Win32
		{A1B6D95D-CFB0-4A36-AD95-7E12F8A575E7}.Release|x64.ActiveCfg = Release|x64
		{A1B6D95D-CFB0-4A36-AD95-7E12F8A575E7}.Release|x64.Build.0 = Release|x64
		{A1B6D95D-CFB0-4A36-AD95-7E12F8A575E7}.Release|x86.ActiveCfg = Release|Win32
		{A1B6D95D-CFB0-4A36-AD95-7E12F8A575E7}.Release|x86.Build.0 = Release|Win32
	EndGlobalSection
	GlobalSection(SolutionProperties) = preSolution
		HideSolutionNode = FALSE
	EndGlobalSection
	GlobalSection(ExtensibilityGlobals) = postSolution
		SolutionGuid = {359EAD4F-6CB3-487E-AECC-1E262546FF17}
	EndGlobalSection
EndGlobal
