<?xml version="1.0" encoding="utf-8"?>
<Project ToolsVersion="4.0" xmlns="http://schemas.microsoft.com/developer/msbuild/2003">
  <ItemGroup>
    <Filter Include="Source Files">
      <UniqueIdentifier>{4FC737F1-C7A5-4376-A066-2A32D752A2FF}</UniqueIdentifier>
      <Extensions>cpp;c;cc;cxx;c++;cppm;ixx;def;odl;idl;hpj;bat;asm;asmx</Extensions>
    </Filter>
    <Filter Include="Header Files">
      <UniqueIdentifier>{93995380-89BD-4b04-88EB-625FBE52EBFB}</UniqueIdentifier>
      <Extensions>h;hh;hpp;hxx;h++;hm;inl;inc;ipp;xsd</Extensions>
    </Filter>
    <Filter Include="Resource Files">
      <UniqueIdentifier>{67DA6AB6-F800-4c08-8B7A-83BB121AAD01}</UniqueIdentifier>
      <Extensions>rc;ico;cur;bmp;dlg;rc2;rct;bin;rgs;gif;jpg;jpeg;jpe;resx;tiff;tif;png;wav;mfcribbon-ms</Extensions>
    </Filter>
    <Filter Include="Header Files\util">
      <UniqueIdentifier>{6e376c58-27ad-4b22-81a9-ad41c4ea34fe}</UniqueIdentifier>
    </Filter>
    <Filter Include="Header Files\hoard">
      <UniqueIdentifier>{974c8f4e-cec6-4495-bf5b-a6e70b5dd096}</UniqueIdentifier>
    </Filter>
    <Filter Include="Header Files\superblocks">
      <UniqueIdentifier>{a87cc268-8dbf-4c3f-9e49-3a70d50c7537}</UniqueIdentifier>
    </Filter>
    <Filter Include="Header Files\HeapLayers">
      <UniqueIdentifier>{30f24aac-9312-48db-99e6-bb70503e5088}</UniqueIdentifier>
    </Filter>
  </ItemGroup>
  <ItemGroup>
    <ClCompile Include="..\..\src\source\libhoard.cpp">
      <Filter>Source Files</Filter>
    </ClCompile>
    <ClCompile Include="..\..\src\source\uselibhoard.cpp">
      <Filter>Source Files</Filter>
    </ClCompile>
    <ClCompile Include="..\..\src\source\wintls.cpp">
      <Filter>Source Files</Filter>
    </ClCompile>
    <ClCompile Include="..\..\src\Heap-Layers\wrappers\winwrapper.cpp">
      <Filter>Source Files</Filter>
    </ClCompile>
  </ItemGroup>
  <ItemGroup>
    <ClInclude Include="..\..\src\include\util\alignedmmap.h">
      <Filter>Header Files\util</Filter>
    </ClInclude>
    <ClInclude Include="..\..\src\include\util\array.h">
      <Filter>Header Files\util</Filter>
    </ClInclude>
    <ClInclude Include="..\..\src\include\util\bumpalloc.h">
      <Filter>Header Files\util</Filter>
    </ClInclude>
    <ClInclude Include="..\..\src\include\util\check.h">
      <Filter>Header Files\util</Filter>
    </ClInclude>
    <ClInclude Include="..\..\src\include\util\conformantheap.h">
      <Filter>Header Files\util</Filter>
    </ClInclude>
    <ClInclude Include="..\..\src\include\util\dynamichashtable.h">
      <Filter>Header Files\util</Filter>
    </ClInclude>
    <ClInclude Include="..\..\src\include\util\fixedrequestheap.h">
      <Filter>Header Files\util</Filter>
    </ClInclude>
    <ClInclude Include="..\..\src\include\util\lockmallocheap.h">
      <Filter>Header Files\util</Filter>
    </ClInclude>
    <ClInclude Include="..\..\src\include\util\mmapalloc.h">
      <Filter>Header Files\util</Filter>
    </ClInclude>
    <ClInclude Include="..\..\src\include\util\releaseheap.h">
      <Filter>Header Files\util</Filter>
    </ClInclude>
    <ClInclude Include="..\..\src\include\util\threadpoolheap.h">
      <Filter>Header Files\util</Filter>
    </ClInclude>
    <ClInclude Include="..\..\src\include\hoard\basehoardmanager.h">
      <Filter>Header Files\hoard</Filter>
    </ClInclude>
    <ClInclude Include="..\..\src\include\hoard\debugprint.h">
      <Filter>Header Files\hoard</Filter>
    </ClInclude>
    <ClInclude Include="..\..\src\include\hoard\emptyclass.h">
      <Filter>Header Files\hoard</Filter>
    </ClInclude>
    <ClInclude Include="..\..\src\include\hoard\emptyhoardmanager.h">
      <Filter>Header Files\hoard</Filter>
    </ClInclude>
    <ClInclude Include="..\..\src\include\hoard\globalheap.h">
      <Filter>Header Files\hoard</Filter>
    </ClInclude>
    <ClInclude Include="..\..\src\include\hoard\heapmanager.h">
      <Filter>Header Files\hoard</Filter>
    </ClInclude>
    <ClInclude Include="..\..\src\include\hoard\hoardconstants.h">
      <Filter>Header Files\hoard</Filter>
    </ClInclude>
    <ClInclude Include="..\..\src\include\hoard\hoardheap.h">
      <Filter>Header Files\hoard</Filter>
    </ClInclude>
    <ClInclude Include="..\..\src\include\hoard\hoardmanager.h">
      <Filter>Header Files\hoard</Filter>
    </ClInclude>
    <ClInclude Include="..\..\src\include\hoard\hoardsuperblock.h">
      <Filter>Header Files\hoard</Filter>
    </ClInclude>
    <ClInclude Include="..\..\src\include\hoard\hoardsuperblockheader.h">
      <Filter>Header Files\hoard</Filter>
    </ClInclude>
    <ClInclude Include="..\..\src\include\hoard\hoardtlab.h">
      <Filter>Header Files\hoard</Filter>
    </ClInclude>
    <ClInclude Include="..\..\src\include\hoard\processheap.h">
      <Filter>Header Files\hoard</Filter>
    </ClInclude>
    <ClInclude Include="..\..\src\include\hoard\redirectfree.h">
      <Filter>Header Files\hoard</Filter>
    </ClInclude>
    <ClInclude Include="..\..\src\include\hoard\statistics.h">
      <Filter>Header Files\hoard</Filter>
    </ClInclude>
    <ClInclude Include="..\..\src\include\hoard\thresholdheap.h">
      <Filter>Header Files\hoard</Filter>
    </ClInclude>
    <ClInclude Include="..\..\src\include\hoard\thresholdsegheap.h">
      <Filter>Header Files\hoard</Filter>
    </ClInclude>
    <ClInclude Include="..\..\src\include\superblocks\addheaderheap.h">
      <Filter>Header Files\superblocks</Filter>
    </ClInclude>
    <ClInclude Include="..\..\src\include\superblocks\alignedsuperblockheap.h">
      <Filter>Header Files\superblocks</Filter>
    </ClInclude>
    <ClInclude Include="..\..\src\include\superblocks\ignoreinvalidfree.h">
      <Filter>Header Files\superblocks</Filter>
    </ClInclude>
    <ClInclude Include="..\..\src\include\superblocks\manageonesuperblock.h">
      <Filter>Header Files\superblocks</Filter>
    </ClInclude>
    <ClInclude Include="..\..\src\include\superblocks\tlab.h">
      <Filter>Header Files\superblocks</Filter>
    </ClInclude>
    <ClInclude Include="..\..\src\Heap-Layers\heaplayers.h">
      <Filter>Header Files\HeapLayers</Filter>
    </ClInclude>
    <ClInclude Include="..\..\src\include\VERSION.h">
      <Filter>Header Files</Filter>
    </ClInclude>
    <ClInclude Include="..\..\src\include\hoard\geometricsizeclass.h">
      <Filter>Header Files\hoard</Filter>
    </ClInclude>
  </ItemGroup>
</Project>